{
  "requires": true,
  "lockfileVersion": 1,
  "dependencies": {
    "shave": {
      "version": "2.5.1",
      "resolved": "https://registry.npmjs.org/shave/-/shave-2.5.1.tgz",
      "integrity": "sha512-dYxIB31dOVIOO4VtdKiK0T7ybm0qtnb+S22GRf7wi/BsP/MDKLH5scuo8BGASAMi56ycj/EmLYQiAAjbQRqZRQ==",
      "dev": true
    },
    "whatwg-fetch": {
      "version": "2.0.4",
      "resolved": "https://registry.npmjs.org/whatwg-fetch/-/whatwg-fetch-2.0.4.tgz",
      "integrity": "sha512-dcQ1GWpOD/eEQ97k66aiEVpNnapVj90/+R+SXTPYGHpYBBypfKJEQjLrvMZ7YXbKm21gXd4NcuxUTjiv1YtLng=="
    }
  }
}
